
Microsoft Visual Studio Solution File, Format Version 11.00
# Visual Studio 2010
Project("{FAE04EC0-301F-11D3-BF4B-00C04F79EFBC}") = "LoveCal", "LoveCal\LoveCal.csproj", "{531187FE-05C5-4C80-9A4B-CC499464A960}"
EndProject
Global
	GlobalSection(SolutionConfigurationPlatforms) = preSolution
		Debug|Any CPU = Debug|Any CPU
		Release|Any CPU = Release|Any CPU
	EndGlobalSection
	GlobalSection(ProjectConfigurationPlatforms) = postSolution
		{531187FE-05C5-4C80-9A4B-CC499464A960}.Debug|Any CPU.ActiveCfg = Debug|Any CPU
		{531187FE-05C5-4C80-9A4B-CC499464A960}.Debug|Any CPU.Build.0 = Debug|Any CPU
		{531187FE-05C5-4C80-9A4B-CC499464A960}.Debug|Any CPU.Deploy.0 = Debug|Any CPU
		{531187FE-05C5-4C80-9A4B-CC499464A960}.Release|Any CPU.ActiveCfg = Release|Any CPU
		{531187FE-05C5-4C80-9A4B-CC499464A960}.Release|Any CPU.Build.0 = Release|Any CPU
		{531187FE-05C5-4C80-9A4B-CC499464A960}.Release|Any CPU.Deploy.0 = Release|Any CPU
	EndGlobalSection
	GlobalSection(SolutionProperties) = preSolution
		HideSolutionNode = FALSE
	EndGlobalSection
EndGlobal
